
Microsoft Visual Studio Solution File, Format Version 12.00
# Visual Studio Version 16
VisualStudioVersion = 16.0.30011.22
MinimumVisualStudioVersion = 10.0.40219.1
Project("{FAE04EC0-301F-11D3-BF4B-00C04F79EFBC}") = "WebApplication1", "WebApplication1\WebApplication1.csproj", "{714365CA-3DC5-4F3C-ADEB-22683A3A243B}"
EndProject
Project("{2150E333-8FDC-42A3-9474-1A3956D46DE8}") = "Solution Items", "Solution Items", "{C058710C-0D4E-4F0E-A854-66FCA34E98EE}"
	ProjectSection(SolutionItems) = preProject
		.editorconfig = .editorconfig
	EndProjectSection
EndProject
Global
	GlobalSection(SolutionConfigurationPlatforms) = preSolution
		Debug|Any CPU = Debug|Any CPU
		Release|Any CPU = Release|Any CPU
	EndGlobalSection
	GlobalSection(ProjectConfigurationPlatforms) = postSolution
		{714365CA-3DC5-4F3C-ADEB-22683A3A243B}.Debug|Any CPU.ActiveCfg = Debug|Any CPU
		{714365CA-3DC5-4F3C-ADEB-22683A3A243B}.Debug|Any CPU.Build.0 = Debug|Any CPU
		{714365CA-3DC5-4F3C-ADEB-22683A3A243B}.Release|Any CPU.ActiveCfg = Release|Any CPU
		{714365CA-3DC5-4F3C-ADEB-22683A3A243B}.Release|Any CPU.Build.0 = Release|Any CPU
	EndGlobalSection
	GlobalSection(SolutionProperties) = preSolution
		HideSolutionNode = FALSE
	EndGlobalSection
	GlobalSection(ExtensibilityGlobals) = postSolution
		SolutionGuid = {7B6C93CE-8C41-4427-B6D7-A273A9C67F73}
	EndGlobalSection
EndGlobal
